// !$*UTF8*$!
{
	archiveVersion = 1;
	classes = {
	};
	objectVersion = 56;
	objects = {

/* Begin PBXBuildFile section */
		5B15C7932C8B4D4000EA684D /* JournalEntryDetailView.swift in Sources */ = {isa = PBXBuildFile; fileRef = 5B15C7922C8B4D4000EA684D /* JournalEntryDetailView.swift */; };
		5B2D18F02C89F5910096B6D7 /* JournalEntry.swift in Sources */ = {isa = PBXBuildFile; fileRef = 5B2D18EF2C89F5910096B6D7 /* JournalEntry.swift */; };
		5B5002E52C909D76008A96FB /* CreateJournalEntryView.swift in Sources */ = {isa = PBXBuildFile; fileRef = 5B5002E42C909D76008A96FB /* CreateJournalEntryView.swift */; };
		5B75BC302C93573700C70567 /* InfoView.swift in Sources */ = {isa = PBXBuildFile; fileRef = 5B75BC2F2C93573700C70567 /* InfoView.swift */; };
		5B9DD6782C8C5AD700CD04B0 /* JournalEntryRowView.swift in Sources */ = {isa = PBXBuildFile; fileRef = 5B9DD6772C8C5AD700CD04B0 /* JournalEntryRowView.swift */; };
		5BDA34102C874A0D004171CA /* ChronicleApp.swift in Sources */ = {isa = PBXBuildFile; fileRef = 5BDA340F2C874A0D004171CA /* ChronicleApp.swift */; };
		5BDA34122C874A0D004171CA /* ContentView.swift in Sources */ = {isa = PBXBuildFile; fileRef = 5BDA34112C874A0D004171CA /* ContentView.swift */; };
		5BDA34142C874A0E004171CA /* Assets.xcassets in Resources */ = {isa = PBXBuildFile; fileRef = 5BDA34132C874A0E004171CA /* Assets.xcassets */; };
		5BDA34172C874A0E004171CA /* Preview Assets.xcassets in Resources */ = {isa = PBXBuildFile; fileRef = 5BDA34162C874A0E004171CA /* Preview Assets.xcassets */; };
		5BF12B3B2C92F5400059859D /* EditJournalEntryView.swift in Sources */ = {isa = PBXBuildFile; fileRef = 5BF12B3A2C92F5400059859D /* EditJournalEntryView.swift */; };
/* End PBXBuildFile section */

/* Begin PBXFileReference section */
		5B1473B92C94509F00D18DFB /* README.md */ = {isa = PBXFileReference; lastKnownFileType = net.daringfireball.markdown; path = README.md; sourceTree = "<group>"; };
		5B15C7922C8B4D4000EA684D /* JournalEntryDetailView.swift */ = {isa = PBXFileReference; lastKnownFileType = sourcecode.swift; path = JournalEntryDetailView.swift; sourceTree = "<group>"; };
		5B2D18EF2C89F5910096B6D7 /* JournalEntry.swift */ = {isa = PBXFileReference; lastKnownFileType = sourcecode.swift; path = JournalEntry.swift; sourceTree = "<group>"; };
		5B5002E42C909D76008A96FB /* CreateJournalEntryView.swift */ = {isa = PBXFileReference; lastKnownFileType = sourcecode.swift; path = CreateJournalEntryView.swift; sourceTree = "<group>"; };
		5B75BC2F2C93573700C70567 /* InfoView.swift */ = {isa = PBXFileReference; lastKnownFileType = sourcecode.swift; path = InfoView.swift; sourceTree = "<group>"; };
		5B9DD6772C8C5AD700CD04B0 /* JournalEntryRowView.swift */ = {isa = PBXFileReference; lastKnownFileType = sourcecode.swift; path = JournalEntryRowView.swift; sourceTree = "<group>"; };
		5BDA340C2C874A0D004171CA /* Chronicle.app */ = {isa = PBXFileReference; explicitFileType = wrapper.application; includeInIndex = 0; path = Chronicle.app; sourceTree = BUILT_PRODUCTS_DIR; };
		5BDA340F2C874A0D004171CA /* ChronicleApp.swift */ = {isa = PBXFileReference; lastKnownFileType = sourcecode.swift; path = ChronicleApp.swift; sourceTree = "<group>"; };
		5BDA34112C874A0D004171CA /* ContentView.swift */ = {isa = PBXFileReference; lastKnownFileType = sourcecode.swift; path = ContentView.swift; sourceTree = "<group>"; };
		5BDA34132C874A0E004171CA /* Assets.xcassets */ = {isa = PBXFileReference; lastKnownFileType = folder.assetcatalog; path = Assets.xcassets; sourceTree = "<group>"; };
		5BDA34162C874A0E004171CA /* Preview Assets.xcassets */ = {isa = PBXFileReference; lastKnownFileType = folder.assetcatalog; path = "Preview Assets.xcassets"; sourceTree = "<group>"; };
		5BF12B3A2C92F5400059859D /* EditJournalEntryView.swift */ = {isa = PBXFileReference; lastKnownFileType = sourcecode.swift; path = EditJournalEntryView.swift; sourceTree = "<group>"; };
/* End PBXFileReference section */

/* Begin PBXFrameworksBuildPhase section */
		5BDA34092C874A0D004171CA /* Frameworks */ = {
			isa = PBXFrameworksBuildPhase;
			buildActionMask = 2147483647;
			files = (
			);
			runOnlyForDeploymentPostprocessing = 0;
		};
/* End PBXFrameworksBuildPhase section */

/* Begin PBXGroup section */
		5B9DD6792C8CAC3300CD04B0 /* Model */ = {
			isa = PBXGroup;
			children = (
				5B2D18EF2C89F5910096B6D7 /* JournalEntry.swift */,
			);
			path = Model;
			sourceTree = "<group>";
		};
		5B9DD67A2C8CAC4C00CD04B0 /* View */ = {
			isa = PBXGroup;
			children = (
				5BDA34112C874A0D004171CA /* ContentView.swift */,
				5B9DD6772C8C5AD700CD04B0 /* JournalEntryRowView.swift */,
				5B15C7922C8B4D4000EA684D /* JournalEntryDetailView.swift */,
				5B5002E42C909D76008A96FB /* CreateJournalEntryView.swift */,
				5BF12B3A2C92F5400059859D /* EditJournalEntryView.swift */,
				5B75BC2F2C93573700C70567 /* InfoView.swift */,
			);
			path = View;
			sourceTree = "<group>";
		};
		5B9DD67B2C8CAC6100CD04B0 /* ViewModel */ = {
			isa = PBXGroup;
			children = (
			);
			path = ViewModel;
			sourceTree = "<group>";
		};
		5BDA34032C874A0D004171CA = {
			isa = PBXGroup;
			children = (
				5B1473B92C94509F00D18DFB /* README.md */,
				5BDA340E2C874A0D004171CA /* Chronicle */,
				5BDA340D2C874A0D004171CA /* Products */,
			);
			sourceTree = "<group>";
		};
		5BDA340D2C874A0D004171CA /* Products */ = {
			isa = PBXGroup;
			children = (
				5BDA340C2C874A0D004171CA /* Chronicle.app */,
			);
			name = Products;
			sourceTree = "<group>";
		};
		5BDA340E2C874A0D004171CA /* Chronicle */ = {
			isa = PBXGroup;
			children = (
				5BDA340F2C874A0D004171CA /* ChronicleApp.swift */,
				5B9DD6792C8CAC3300CD04B0 /* Model */,
				5B9DD67A2C8CAC4C00CD04B0 /* View */,
				5B9DD67B2C8CAC6100CD04B0 /* ViewModel */,
				5BDA34132C874A0E004171CA /* Assets.xcassets */,
				5BDA34152C874A0E004171CA /* Preview Content */,
			);
			path = Chronicle;
			sourceTree = "<group>";
		};
		5BDA34152C874A0E004171CA /* Preview Content */ = {
			isa = PBXGroup;
			children = (
				5BDA34162C874A0E004171CA /* Preview Assets.xcassets */,
			);
			path = "Preview Content";
			sourceTree = "<group>";
		};
/* End PBXGroup section */

/* Begin PBXNativeTarget section */
		5BDA340B2C874A0D004171CA /* Chronicle */ = {
			isa = PBXNativeTarget;
			buildConfigurationList = 5BDA341A2C874A0E004171CA /* Build configuration list for PBXNativeTarget "Chronicle" */;
			buildPhases = (
				5BDA34082C874A0D004171CA /* Sources */,
				5BDA34092C874A0D004171CA /* Frameworks */,
				5BDA340A2C874A0D004171CA /* Resources */,
			);
			buildRules = (
			);
			dependencies = (
			);
			name = Chronicle;
			productName = Chronicle;
			productReference = 5BDA340C2C874A0D004171CA /* Chronicle.app */;
			productType = "com.apple.product-type.application";
		};
/* End PBXNativeTarget section */

/* Begin PBXProject section */
		5BDA34042C874A0D004171CA /* Project object */ = {
			isa = PBXProject;
			attributes = {
				BuildIndependentTargetsInParallel = 1;
				LastSwiftUpdateCheck = 1540;
				LastUpgradeCheck = 1540;
				TargetAttributes = {
					5BDA340B2C874A0D004171CA = {
						CreatedOnToolsVersion = 15.4;
					};
				};
			};
			buildConfigurationList = 5BDA34072C874A0D004171CA /* Build configuration list for PBXProject "Chronicle" */;
			compatibilityVersion = "Xcode 14.0";
			developmentRegion = en;
			hasScannedForEncodings = 0;
			knownRegions = (
				en,
				Base,
			);
			mainGroup = 5BDA34032C874A0D004171CA;
			productRefGroup = 5BDA340D2C874A0D004171CA /* Products */;
			projectDirPath = "";
			projectRoot = "";
			targets = (
				5BDA340B2C874A0D004171CA /* Chronicle */,
			);
		};
/* End PBXProject section */

/* Begin PBXResourcesBuildPhase section */
		5BDA340A2C874A0D004171CA /* Resources */ = {
			isa = PBXResourcesBuildPhase;
			buildActionMask = 2147483647;
			files = (
				5BDA34172C874A0E004171CA /* Preview Assets.xcassets in Resources */,
				5BDA34142C874A0E004171CA /* Assets.xcassets in Resources */,
			);
			runOnlyForDeploymentPostprocessing = 0;
		};
/* End PBXResourcesBuildPhase section */

/* Begin PBXSourcesBuildPhase section */
		5BDA34082C874A0D004171CA /* Sources */ = {
			isa = PBXSourcesBuildPhase;
			buildActionMask = 2147483647;
			files = (
				5B75BC302C93573700C70567 /* InfoView.swift in Sources */,
				5BF12B3B2C92F5400059859D /* EditJournalEntryView.swift in Sources */,
				5B9DD6782C8C5AD700CD04B0 /* JournalEntryRowView.swift in Sources */,
				5B15C7932C8B4D4000EA684D /* JournalEntryDetailView.swift in Sources */,
				5B2D18F02C89F5910096B6D7 /* JournalEntry.swift in Sources */,
				5BDA34122C874A0D004171CA /* ContentView.swift in Sources */,
				5BDA34102C874A0D004171CA /* ChronicleApp.swift in Sources */,
				5B5002E52C909D76008A96FB /* CreateJournalEntryView.swift in Sources */,
			);
			runOnlyForDeploymentPostprocessing = 0;
		};
/* End PBXSourcesBuildPhase section */

/* Begin XCBuildConfiguration section */
		5BDA34182C874A0E004171CA /* Debug */ = {
			isa = XCBuildConfiguration;
			buildSettings = {
				ALWAYS_SEARCH_USER_PATHS = NO;
				ASSETCATALOG_COMPILER_GENERATE_SWIFT_ASSET_SYMBOL_EXTENSIONS = YES;
				CLANG_ANALYZER_NONNULL = YES;
				CLANG_ANALYZER_NUMBER_OBJECT_CONVERSION = YES_AGGRESSIVE;
				CLANG_CXX_LANGUAGE_STANDARD = "gnu++20";
				CLANG_ENABLE_MODULES = YES;
				CLANG_ENABLE_OBJC_ARC = YES;
				CLANG_ENABLE_OBJC_WEAK = YES;
				CLANG_WARN_BLOCK_CAPTURE_AUTORELEASING = YES;
				CLANG_WARN_BOOL_CONVERSION = YES;
				CLANG_WARN_COMMA = YES;
				CLANG_WARN_CONSTANT_CONVERSION = YES;
				CLANG_WARN_DEPRECATED_OBJC_IMPLEMENTATIONS = YES;
				CLANG_WARN_DIRECT_OBJC_ISA_USAGE = YES_ERROR;
				CLANG_WARN_DOCUMENTATION_COMMENTS = YES;
				CLANG_WARN_EMPTY_BODY = YES;
				CLANG_WARN_ENUM_CONVERSION = YES;
				CLANG_WARN_INFINITE_RECURSION = YES;
				CLANG_WARN_INT_CONVERSION = YES;
				CLANG_WARN_NON_LITERAL_NULL_CONVERSION = YES;
				CLANG_WARN_OBJC_IMPLICIT_RETAIN_SELF = YES;
				CLANG_WARN_OBJC_LITERAL_CONVERSION = YES;
				CLANG_WARN_OBJC_ROOT_CLASS = YES_ERROR;
				CLANG_WARN_QUOTED_INCLUDE_IN_FRAMEWORK_HEADER = YES;
				CLANG_WARN_RANGE_LOOP_ANALYSIS = YES;
				CLANG_WARN_STRICT_PROTOTYPES = YES;
				CLANG_WARN_SUSPICIOUS_MOVE = YES;
				CLANG_WARN_UNGUARDED_AVAILABILITY = YES_AGGRESSIVE;
				CLANG_WARN_UNREACHABLE_CODE = YES;
				CLANG_WARN__DUPLICATE_METHOD_MATCH = YES;
				COPY_PHASE_STRIP = NO;
				DEBUG_INFORMATION_FORMAT = dwarf;
				ENABLE_STRICT_OBJC_MSGSEND = YES;
				ENABLE_TESTABILITY = YES;
				ENABLE_USER_SCRIPT_SANDBOXING = YES;
				GCC_C_LANGUAGE_STANDARD = gnu17;
				GCC_DYNAMIC_NO_PIC = NO;
				GCC_NO_COMMON_BLOCKS = YES;
				GCC_OPTIMIZATION_LEVEL = 0;
				GCC_PREPROCESSOR_DEFINITIONS = (
					"DEBUG=1",
					"$(inherited)",
				);
				GCC_WARN_64_TO_32_BIT_CONVERSION = YES;
				GCC_WARN_ABOUT_RETURN_TYPE = YES_ERROR;
				GCC_WARN_UNDECLARED_SELECTOR = YES;
				GCC_WARN_UNINITIALIZED_AUTOS = YES_AGGRESSIVE;
				GCC_WARN_UNUSED_FUNCTION = YES;
				GCC_WARN_UNUSED_VARIABLE = YES;
				IPHONEOS_DEPLOYMENT_TARGET = 17.6;
				LOCALIZATION_PREFERS_STRING_CATALOGS = YES;
				MTL_ENABLE_DEBUG_INFO = INCLUDE_SOURCE;
				MTL_FAST_MATH = YES;
				ONLY_ACTIVE_ARCH = YES;
				SDKROOT = iphoneos;
				SWIFT_ACTIVE_COMPILATION_CONDITIONS = "DEBUG $(inherited)";
				SWIFT_OPTIMIZATION_LEVEL = "-Onone";
			};
			name = Debug;
		};
		5BDA34192C874A0E004171CA /* Release */ = {
			isa = XCBuildConfiguration;
			buildSettings = {
				ALWAYS_SEARCH_USER_PATHS = NO;
				ASSETCATALOG_COMPILER_GENERATE_SWIFT_ASSET_SYMBOL_EXTENSIONS = YES;
				CLANG_ANALYZER_NONNULL = YES;
				CLANG_ANALYZER_NUMBER_OBJECT_CONVERSION = YES_AGGRESSIVE;
				CLANG_CXX_LANGUAGE_STANDARD = "gnu++20";
				CLANG_ENABLE_MODULES = YES;
				CLANG_ENABLE_OBJC_ARC = YES;
				CLANG_ENABLE_OBJC_WEAK = YES;
				CLANG_WARN_BLOCK_CAPTURE_AUTORELEASING = YES;
				CLANG_WARN_BOOL_CONVERSION = YES;
				CLANG_WARN_COMMA = YES;
				CLANG_WARN_CONSTANT_CONVERSION = YES;
				CLANG_WARN_DEPRECATED_OBJC_IMPLEMENTATIONS = YES;
				CLANG_WARN_DIRECT_OBJC_ISA_USAGE = YES_ERROR;
				CLANG_WARN_DOCUMENTATION_COMMENTS = YES;
				CLANG_WARN_EMPTY_BODY = YES;
				CLANG_WARN_ENUM_CONVERSION = YES;
				CLANG_WARN_INFINITE_RECURSION = YES;
				CLANG_WARN_INT_CONVERSION = YES;
				CLANG_WARN_NON_LITERAL_NULL_CONVERSION = YES;
				CLANG_WARN_OBJC_IMPLICIT_RETAIN_SELF = YES;
				CLANG_WARN_OBJC_LITERAL_CONVERSION = YES;
				CLANG_WARN_OBJC_ROOT_CLASS = YES_ERROR;
				CLANG_WARN_QUOTED_INCLUDE_IN_FRAMEWORK_HEADER = YES;
				CLANG_WARN_RANGE_LOOP_ANALYSIS = YES;
				CLANG_WARN_STRICT_PROTOTYPES = YES;
				CLANG_WARN_SUSPICIOUS_MOVE = YES;
				CLANG_WARN_UNGUARDED_AVAILABILITY = YES_AGGRESSIVE;
				CLANG_WARN_UNREACHABLE_CODE = YES;
				CLANG_WARN__DUPLICATE_METHOD_MATCH = YES;
				COPY_PHASE_STRIP = NO;
				DEBUG_INFORMATION_FORMAT = "dwarf-with-dsym";
				ENABLE_NS_ASSERTIONS = NO;
				ENABLE_STRICT_OBJC_MSGSEND = YES;
				ENABLE_USER_SCRIPT_SANDBOXING = YES;
				GCC_C_LANGUAGE_STANDARD = gnu17;
				GCC_NO_COMMON_BLOCKS = YES;
				GCC_WARN_64_TO_32_BIT_CONVERSION = YES;
				GCC_WARN_ABOUT_RETURN_TYPE = YES_ERROR;
				GCC_WARN_UNDECLARED_SELECTOR = YES;
				GCC_WARN_UNINITIALIZED_AUTOS = YES_AGGRESSIVE;
				GCC_WARN_UNUSED_FUNCTION = YES;
				GCC_WARN_UNUSED_VARIABLE = YES;
				IPHONEOS_DEPLOYMENT_TARGET = 17.6;
				LOCALIZATION_PREFERS_STRING_CATALOGS = YES;
				MTL_ENABLE_DEBUG_INFO = NO;
				MTL_FAST_MATH = YES;
				SDKROOT = iphoneos;
				SWIFT_COMPILATION_MODE = wholemodule;
				VALIDATE_PRODUCT = YES;
			};
			name = Release;
		};
		5BDA341B2C874A0E004171CA /* Debug */ = {
			isa = XCBuildConfiguration;
			buildSettings = {
				ASSETCATALOG_COMPILER_APPICON_NAME = AppIcon;
				ASSETCATALOG_COMPILER_GLOBAL_ACCENT_COLOR_NAME = AccentColor;
				CODE_SIGN_STYLE = Automatic;
				CURRENT_PROJECT_VERSION = 1;
				DEVELOPMENT_ASSET_PATHS = "\"Chronicle/Preview Content\"";
				DEVELOPMENT_TEAM = GPY6Y6N7J4;
				ENABLE_PREVIEWS = YES;
				GENERATE_INFOPLIST_FILE = YES;
				INFOPLIST_KEY_CFBundleDisplayName = Chronicle;
				INFOPLIST_KEY_LSApplicationCategoryType = "public.app-category.lifestyle";
				INFOPLIST_KEY_UIApplicationSceneManifest_Generation = YES;
				INFOPLIST_KEY_UIApplicationSupportsIndirectInputEvents = YES;
				INFOPLIST_KEY_UILaunchScreen_Generation = YES;
				INFOPLIST_KEY_UIRequiresFullScreen = YES;
				INFOPLIST_KEY_UISupportedInterfaceOrientations = UIInterfaceOrientationPortrait;
				IPHONEOS_DEPLOYMENT_TARGET = 17.6;
				LD_RUNPATH_SEARCH_PATHS = (
					"$(inherited)",
					"@executable_path/Frameworks",
				);
				MARKETING_VERSION = 1.0;
				PRODUCT_BUNDLE_IDENTIFIER = za.co.martincodes.Chronicle;
				PRODUCT_NAME = "$(TARGET_NAME)";
				SWIFT_EMIT_LOC_STRINGS = YES;
				SWIFT_VERSION = 6.0;
				TARGETED_DEVICE_FAMILY = "1,2";
			};
			name = Debug;
		};
		5BDA341C2C874A0E004171CA /* Release */ = {
			isa = XCBuildConfiguration;
			buildSettings = {
				ASSETCATALOG_COMPILER_APPICON_NAME = AppIcon;
				ASSETCATALOG_COMPILER_GLOBAL_ACCENT_COLOR_NAME = AccentColor;
				CODE_SIGN_STYLE = Automatic;
				CURRENT_PROJECT_VERSION = 1;
				DEVELOPMENT_ASSET_PATHS = "\"Chronicle/Preview Content\"";
				DEVELOPMENT_TEAM = GPY6Y6N7J4;
				ENABLE_PREVIEWS = YES;
				GENERATE_INFOPLIST_FILE = YES;
				INFOPLIST_KEY_CFBundleDisplayName = Chronicle;
				INFOPLIST_KEY_LSApplicationCategoryType = "public.app-category.lifestyle";
				INFOPLIST_KEY_UIApplicationSceneManifest_Generation = YES;
				INFOPLIST_KEY_UIApplicationSupportsIndirectInputEvents = YES;
				INFOPLIST_KEY_UILaunchScreen_Generation = YES;
				INFOPLIST_KEY_UIRequiresFullScreen = YES;
				INFOPLIST_KEY_UISupportedInterfaceOrientations = UIInterfaceOrientationPortrait;
				IPHONEOS_DEPLOYMENT_TARGET = 17.6;
				LD_RUNPATH_SEARCH_PATHS = (
					"$(inherited)",
					"@executable_path/Frameworks",
				);
				MARKETING_VERSION = 1.0;
				PRODUCT_BUNDLE_IDENTIFIER = za.co.martincodes.Chronicle;
				PRODUCT_NAME = "$(TARGET_NAME)";
				SWIFT_EMIT_LOC_STRINGS = YES;
				SWIFT_VERSION = 6.0;
				TARGETED_DEVICE_FAMILY = "1,2";
			};
			name = Release;
		};
/* End XCBuildConfiguration section */

/* Begin XCConfigurationList section */
		5BDA34072C874A0D004171CA /* Build configuration list for PBXProject "Chronicle" */ = {
			isa = XCConfigurationList;
			buildConfigurations = (
				5BDA34182C874A0E004171CA /* Debug */,
				5BDA34192C874A0E004171CA /* Release */,
			);
			defaultConfigurationIsVisible = 0;
			defaultConfigurationName = Release;
		};
		5BDA341A2C874A0E004171CA /* Build configuration list for PBXNativeTarget "Chronicle" */ = {
			isa = XCConfigurationList;
			buildConfigurations = (
				5BDA341B2C874A0E004171CA /* Debug */,
				5BDA341C2C874A0E004171CA /* Release */,
			);
			defaultConfigurationIsVisible = 0;
			defaultConfigurationName = Release;
		};
/* End XCConfigurationList section */
	};
	rootObject = 5BDA34042C874A0D004171CA /* Project object */;
}
